Microsoft Visual Studio Solution File, Format Version 12.00
# Visual Studio Version 17
VisualStudioVersion = 17.5.2.0
MinimumVisualStudioVersion = 10.0.40219.1
Project("{2150E333-8FDC-42A3-9474-1A3956D46DE8}") = "ShaderSandbox", "ShaderSandbox", "{B0910953-51FD-5727-C873-23DC936785A8}"
EndProject
Project("{FAE04EC0-301F-11D3-BF4B-00C04F79EFBC}") = "Assembly-CSharp-Editor", "ShaderSandbox\Assembly-CSharp-Editor.csproj", "{16439A7C-D444-23D6-64A4-5E34FD71A302}"
EndProject
Project("{FAE04EC0-301F-11D3-BF4B-00C04F79EFBC}") = "Assembly-CSharp", "ShaderSandbox\Assembly-CSharp.csproj", "{42A0AE98-C5CE-8997-805C-72BA70D03677}"
EndProject
Global
	GlobalSection(SolutionConfigurationPlatforms) = preSolution
		Debug|Any CPU = Debug|Any CPU
		Release|Any CPU = Release|Any CPU
	EndGlobalSection
	GlobalSection(ProjectConfigurationPlatforms) = postSolution
		{16439A7C-D444-23D6-64A4-5E34FD71A302}.Debug|Any CPU.ActiveCfg = Debug|Any CPU
		{16439A7C-D444-23D6-64A4-5E34FD71A302}.Debug|Any CPU.Build.0 = Debug|Any CPU
		{16439A7C-D444-23D6-64A4-5E34FD71A302}.Release|Any CPU.ActiveCfg = Release|Any CPU
		{16439A7C-D444-23D6-64A4-5E34FD71A302}.Release|Any CPU.Build.0 = Release|Any CPU
		{42A0AE98-C5CE-8997-805C-72BA70D03677}.Debug|Any CPU.ActiveCfg = Debug|Any CPU
		{42A0AE98-C5CE-8997-805C-72BA70D03677}.Debug|Any CPU.Build.0 = Debug|Any CPU
		{42A0AE98-C5CE-8997-805C-72BA70D03677}.Release|Any CPU.ActiveCfg = Release|Any CPU
		{42A0AE98-C5CE-8997-805C-72BA70D03677}.Release|Any CPU.Build.0 = Release|Any CPU
	EndGlobalSection
	GlobalSection(SolutionProperties) = preSolution
		HideSolutionNode = FALSE
	EndGlobalSection
	GlobalSection(NestedProjects) = preSolution
		{16439A7C-D444-23D6-64A4-5E34FD71A302} = {B0910953-51FD-5727-C873-23DC936785A8}
		{42A0AE98-C5CE-8997-805C-72BA70D03677} = {B0910953-51FD-5727-C873-23DC936785A8}
	EndGlobalSection
	GlobalSection(ExtensibilityGlobals) = postSolution
		SolutionGuid = {F9BAE755-7DFD-4622-83BC-CF01C34DF146}
	EndGlobalSection
EndGlobal
